
Microsoft Visual Studio Solution File, Format Version 12.00
# Visual Studio 15
VisualStudioVersion = 15.0.26730.10
MinimumVisualStudioVersion = 10.0.40219.1
Project("{FAE04EC0-301F-11D3-BF4B-00C04F79EFBC}") = "MVCStokY", "MVCStokY\MVCStokY.csproj", "{772D2913-D19F-4C83-B7BD-D7DC64B30F1D}"
EndProject
Global
	GlobalSection(SolutionConfigurationPlatforms) = preSolution
		Debug|Any CPU = Debug|Any CPU
		Release|Any CPU = Release|Any CPU
	EndGlobalSection
	GlobalSection(ProjectConfigurationPlatforms) = postSolution
		{772D2913-D19F-4C83-B7BD-D7DC64B30F1D}.Debug|Any CPU.ActiveCfg = Debug|Any CPU
		{772D2913-D19F-4C83-B7BD-D7DC64B30F1D}.Debug|Any CPU.Build.0 = Debug|Any CPU
		{772D2913-D19F-4C83-B7BD-D7DC64B30F1D}.Release|Any CPU.ActiveCfg = Release|Any CPU
		{772D2913-D19F-4C83-B7BD-D7DC64B30F1D}.Release|Any CPU.Build.0 = Release|Any CPU
	EndGlobalSection
	GlobalSection(SolutionProperties) = preSolution
		HideSolutionNode = FALSE
	EndGlobalSection
	GlobalSection(ExtensibilityGlobals) = postSolution
		SolutionGuid = {648CB8CD-E420-4D57-A48C-2CBFE0CBA0AD}
	EndGlobalSection
EndGlobal
